
Microsoft Visual Studio Solution File, Format Version 12.00
# Visual Studio Version 16
VisualStudioVersion = 16.0.29230.47
MinimumVisualStudioVersion = 10.0.40219.1
Project("{FAE04EC0-301F-11D3-BF4B-00C04F79EFBC}") = "BattleShip", "BattleShip.csproj", "{A482CE99-CCB9-462A-8D2A-2A6D4619BC98}"
EndProject
Project("{FAE04EC0-301F-11D3-BF4B-00C04F79EFBC}") = "BattleShipTests", "..\BattleShipTests\BattleShipTests.csproj", "{BD0159C3-06C9-4F73-A021-530721F56904}"
EndProject
Global
	GlobalSection(SolutionConfigurationPlatforms) = preSolution
		Debug|Any CPU = Debug|Any CPU
		Debug|x86 = Debug|x86
		Release|Any CPU = Release|Any CPU
		Release|x86 = Release|x86
	EndGlobalSection
	GlobalSection(ProjectConfigurationPlatforms) = postSolution
		{A482CE99-CCB9-462A-8D2A-2A6D4619BC98}.Debug|Any CPU.ActiveCfg = Debug|x86
		{A482CE99-CCB9-462A-8D2A-2A6D4619BC98}.Debug|x86.ActiveCfg = Debug|x86
		{A482CE99-CCB9-462A-8D2A-2A6D4619BC98}.Debug|x86.Build.0 = Debug|x86
		{A482CE99-CCB9-462A-8D2A-2A6D4619BC98}.Release|Any CPU.ActiveCfg = Release|x86
		{A482CE99-CCB9-462A-8D2A-2A6D4619BC98}.Release|x86.ActiveCfg = Release|x86
		{A482CE99-CCB9-462A-8D2A-2A6D4619BC98}.Release|x86.Build.0 = Release|x86
		{BD0159C3-06C9-4F73-A021-530721F56904}.Debug|Any CPU.ActiveCfg = Debug|Any CPU
		{BD0159C3-06C9-4F73-A021-530721F56904}.Debug|Any CPU.Build.0 = Debug|Any CPU
		{BD0159C3-06C9-4F73-A021-530721F56904}.Debug|x86.ActiveCfg = Debug|Any CPU
		{BD0159C3-06C9-4F73-A021-530721F56904}.Debug|x86.Build.0 = Debug|Any CPU
		{BD0159C3-06C9-4F73-A021-530721F56904}.Release|Any CPU.ActiveCfg = Release|Any CPU
		{BD0159C3-06C9-4F73-A021-530721F56904}.Release|Any CPU.Build.0 = Release|Any CPU
		{BD0159C3-06C9-4F73-A021-530721F56904}.Release|x86.ActiveCfg = Release|Any CPU
		{BD0159C3-06C9-4F73-A021-530721F56904}.Release|x86.Build.0 = Release|Any CPU
	EndGlobalSection
	GlobalSection(SolutionProperties) = preSolution
		HideSolutionNode = FALSE
	EndGlobalSection
	GlobalSection(ExtensibilityGlobals) = postSolution
		SolutionGuid = {6B1AE5CD-050D-4EAB-B0C5-9D1399422BC2}
	EndGlobalSection
EndGlobal
